// !$*UTF8*$!
{
	archiveVersion = 1;
	classes = {
	};
	objectVersion = 46;
	objects = {

/* Begin PBXBuildFile section */
		A9A735D21A3704E60099E199 /* AppDelegate.swift in Sources */ = {isa = PBXBuildFile; fileRef = A9A735D11A3704E60099E199 /* AppDelegate.swift */; };
		A9A735D41A3704E60099E199 /* SignUpViewController.swift in Sources */ = {isa = PBXBuildFile; fileRef = A9A735D31A3704E60099E199 /* SignUpViewController.swift */; };
		A9A735D71A3704E60099E199 /* Main.storyboard in Resources */ = {isa = PBXBuildFile; fileRef = A9A735D51A3704E60099E199 /* Main.storyboard */; };
		A9A735D91A3704E60099E199 /* Images.xcassets in Resources */ = {isa = PBXBuildFile; fileRef = A9A735D81A3704E60099E199 /* Images.xcassets */; };
		A9A735DC1A3704E60099E199 /* LaunchScreen.xib in Resources */ = {isa = PBXBuildFile; fileRef = A9A735DA1A3704E60099E199 /* LaunchScreen.xib */; };
		A9A735E81A3704E60099E199 /* LoginDemoTests.swift in Sources */ = {isa = PBXBuildFile; fileRef = A9A735E71A3704E60099E199 /* LoginDemoTests.swift */; };
		A9A735F21A3705290099E199 /* AudioToolbox.framework in Frameworks */ = {isa = PBXBuildFile; fileRef = A9A735F11A3705290099E199 /* AudioToolbox.framework */; };
		A9A735F41A37053A0099E199 /* Foundation.framework in Frameworks */ = {isa = PBXBuildFile; fileRef = A9A735F31A37053A0099E199 /* Foundation.framework */; };
		A9A735F61A37054B0099E199 /* CoreGraphics.framework in Frameworks */ = {isa = PBXBuildFile; fileRef = A9A735F51A37054B0099E199 /* CoreGraphics.framework */; };
		A9A735F81A3705590099E199 /* CoreLocation.framework in Frameworks */ = {isa = PBXBuildFile; fileRef = A9A735F71A3705590099E199 /* CoreLocation.framework */; };
		A9A735FA1A3705680099E199 /* libz.dylib in Frameworks */ = {isa = PBXBuildFile; fileRef = A9A735F91A3705680099E199 /* libz.dylib */; };
		A9A735FC1A3705770099E199 /* MobileCoreServices.framework in Frameworks */ = {isa = PBXBuildFile; fileRef = A9A735FB1A3705770099E199 /* MobileCoreServices.framework */; };
		A9A735FE1A3705940099E199 /* QuartzCore.framework in Frameworks */ = {isa = PBXBuildFile; fileRef = A9A735FD1A3705940099E199 /* QuartzCore.framework */; };
		A9A736001A3705A20099E199 /* Security.framework in Frameworks */ = {isa = PBXBuildFile; fileRef = A9A735FF1A3705A20099E199 /* Security.framework */; };
		A9A736021A3705AE0099E199 /* StoreKit.framework in Frameworks */ = {isa = PBXBuildFile; fileRef = A9A736011A3705AE0099E199 /* StoreKit.framework */; };
		A9A736041A3705BE0099E199 /* SystemConfiguration.framework in Frameworks */ = {isa = PBXBuildFile; fileRef = A9A736031A3705BE0099E199 /* SystemConfiguration.framework */; };
		A9A7360A1A3706AB0099E199 /* Bolts.framework in Frameworks */ = {isa = PBXBuildFile; fileRef = A9A736061A3706AB0099E199 /* Bolts.framework */; };
		A9A7360B1A3706AB0099E199 /* Parse.framework in Frameworks */ = {isa = PBXBuildFile; fileRef = A9A736071A3706AB0099E199 /* Parse.framework */; };
		A9A7360C1A3706AB0099E199 /* ParseFacebookUtils.framework in Frameworks */ = {isa = PBXBuildFile; fileRef = A9A736081A3706AB0099E199 /* ParseFacebookUtils.framework */; };
		A9A7360D1A3706AB0099E199 /* ParseUI.framework in Frameworks */ = {isa = PBXBuildFile; fileRef = A9A736091A3706AB0099E199 /* ParseUI.framework */; };
		A9A736111A3707660099E199 /* testDataCustom.m in Sources */ = {isa = PBXBuildFile; fileRef = A9A736101A3707660099E199 /* testDataCustom.m */; };
		A9A736131A377BAB0099E199 /* ForgotPasswordViewController.swift in Sources */ = {isa = PBXBuildFile; fileRef = A9A736121A377BAB0099E199 /* ForgotPasswordViewController.swift */; };
/* End PBXBuildFile section */

/* Begin PBXContainerItemProxy section */
		A9A735E21A3704E60099E199 /* PBXContainerItemProxy */ = {
			isa = PBXContainerItemProxy;
			containerPortal = A9A735C41A3704E60099E199 /* Project object */;
			proxyType = 1;
			remoteGlobalIDString = A9A735CB1A3704E60099E199;
			remoteInfo = LoginDemo;
		};
/* End PBXContainerItemProxy section */

/* Begin PBXFileReference section */
		A9A735CC1A3704E60099E199 /* LoginDemo.app */ = {isa = PBXFileReference; explicitFileType = wrapper.application; includeInIndex = 0; path = LoginDemo.app; sourceTree = BUILT_PRODUCTS_DIR; };
		A9A735D01A3704E60099E199 /* Info.plist */ = {isa = PBXFileReference; lastKnownFileType = text.plist.xml; path = Info.plist; sourceTree = "<group>"; };
		A9A735D11A3704E60099E199 /* AppDelegate.swift */ = {isa = PBXFileReference; lastKnownFileType = sourcecode.swift; path = AppDelegate.swift; sourceTree = "<group>"; };
		A9A735D31A3704E60099E199 /* SignUpViewController.swift */ = {isa = PBXFileReference; lastKnownFileType = sourcecode.swift; path = SignUpViewController.swift; sourceTree = "<group>"; };
		A9A735D61A3704E60099E199 /* Base */ = {isa = PBXFileReference; lastKnownFileType = file.storyboard; name = Base; path = Base.lproj/Main.storyboard; sourceTree = "<group>"; };
		A9A735D81A3704E60099E199 /* Images.xcassets */ = {isa = PBXFileReference; lastKnownFileType = folder.assetcatalog; path = Images.xcassets; sourceTree = "<group>"; };
		A9A735DB1A3704E60099E199 /* Base */ = {isa = PBXFileReference; lastKnownFileType = file.xib; name = Base; path = Base.lproj/LaunchScreen.xib; sourceTree = "<group>"; };
		A9A735E11A3704E60099E199 /* LoginDemoTests.xctest */ = {isa = PBXFileReference; explicitFileType = wrapper.cfbundle; includeInIndex = 0; path = LoginDemoTests.xctest; sourceTree = BUILT_PRODUCTS_DIR; };
		A9A735E61A3704E60099E199 /* Info.plist */ = {isa = PBXFileReference; lastKnownFileType = text.plist.xml; path = Info.plist; sourceTree = "<group>"; };
		A9A735E71A3704E60099E199 /* LoginDemoTests.swift */ = {isa = PBXFileReference; lastKnownFileType = sourcecode.swift; path = LoginDemoTests.swift; sourceTree = "<group>"; };
		A9A735F11A3705290099E199 /* AudioToolbox.framework */ = {isa = PBXFileReference; lastKnownFileType = wrapper.framework; name = AudioToolbox.framework; path = System/Library/Frameworks/AudioToolbox.framework; sourceTree = SDKROOT; };
		A9A735F31A37053A0099E199 /* Foundation.framework */ = {isa = PBXFileReference; lastKnownFileType = wrapper.framework; name = Foundation.framework; path = System/Library/Frameworks/Foundation.framework; sourceTree = SDKROOT; };
		A9A735F51A37054B0099E199 /* CoreGraphics.framework */ = {isa = PBXFileReference; lastKnownFileType = wrapper.framework; name = CoreGraphics.framework; path = System/Library/Frameworks/CoreGraphics.framework; sourceTree = SDKROOT; };
		A9A735F71A3705590099E199 /* CoreLocation.framework */ = {isa = PBXFileReference; lastKnownFileType = wrapper.framework; name = CoreLocation.framework; path = System/Library/Frameworks/CoreLocation.framework; sourceTree = SDKROOT; };
		A9A735F91A3705680099E199 /* libz.dylib */ = {isa = PBXFileReference; lastKnownFileType = "compiled.mach-o.dylib"; name = libz.dylib; path = usr/lib/libz.dylib; sourceTree = SDKROOT; };
		A9A735FB1A3705770099E199 /* MobileCoreServices.framework */ = {isa = PBXFileReference; lastKnownFileType = wrapper.framework; name = MobileCoreServices.framework; path = System/Library/Frameworks/MobileCoreServices.framework; sourceTree = SDKROOT; };
		A9A735FD1A3705940099E199 /* QuartzCore.framework */ = {isa = PBXFileReference; lastKnownFileType = wrapper.framework; name = QuartzCore.framework; path = System/Library/Frameworks/QuartzCore.framework; sourceTree = SDKROOT; };
		A9A735FF1A3705A20099E199 /* Security.framework */ = {isa = PBXFileReference; lastKnownFileType = wrapper.framework; name = Security.framework; path = System/Library/Frameworks/Security.framework; sourceTree = SDKROOT; };
		A9A736011A3705AE0099E199 /* StoreKit.framework */ = {isa = PBXFileReference; lastKnownFileType = wrapper.framework; name = StoreKit.framework; path = System/Library/Frameworks/StoreKit.framework; sourceTree = SDKROOT; };
		A9A736031A3705BE0099E199 /* SystemConfiguration.framework */ = {isa = PBXFileReference; lastKnownFileType = wrapper.framework; name = SystemConfiguration.framework; path = System/Library/Frameworks/SystemConfiguration.framework; sourceTree = SDKROOT; };
		A9A736061A3706AB0099E199 /* Bolts.framework */ = {isa = PBXFileReference; lastKnownFileType = wrapper.framework; path = Bolts.framework; sourceTree = "<group>"; };
		A9A736071A3706AB0099E199 /* Parse.framework */ = {isa = PBXFileReference; lastKnownFileType = wrapper.framework; path = Parse.framework; sourceTree = "<group>"; };
		A9A736081A3706AB0099E199 /* ParseFacebookUtils.framework */ = {isa = PBXFileReference; lastKnownFileType = wrapper.framework; path = ParseFacebookUtils.framework; sourceTree = "<group>"; };
		A9A736091A3706AB0099E199 /* ParseUI.framework */ = {isa = PBXFileReference; lastKnownFileType = wrapper.framework; path = ParseUI.framework; sourceTree = "<group>"; };
		A9A7360F1A3707660099E199 /* LoginDemo-Bridging-Header.h */ = {isa = PBXFileReference; lastKnownFileType = sourcecode.c.h; path = "LoginDemo-Bridging-Header.h"; sourceTree = SOURCE_ROOT; };
		A9A736101A3707660099E199 /* testDataCustom.m */ = {isa = PBXFileReference; fileEncoding = 4; lastKnownFileType = sourcecode.c.objc; name = testDataCustom.m; path = ../testDataCustom.m; sourceTree = "<group>"; };
		A9A736121A377BAB0099E199 /* ForgotPasswordViewController.swift */ = {isa = PBXFileReference; fileEncoding = 4; lastKnownFileType = sourcecode.swift; path = ForgotPasswordViewController.swift; sourceTree = "<group>"; };
/* End PBXFileReference section */

/* Begin PBXFrameworksBuildPhase section */
		A9A735C91A3704E60099E199 /* Frameworks */ = {
			isa = PBXFrameworksBuildPhase;
			buildActionMask = 2147483647;
			files = (
				A9A736041A3705BE0099E199 /* SystemConfiguration.framework in Frameworks */,
				A9A736021A3705AE0099E199 /* StoreKit.framework in Frameworks */,
				A9A7360D1A3706AB0099E199 /* ParseUI.framework in Frameworks */,
				A9A736001A3705A20099E199 /* Security.framework in Frameworks */,
				A9A735FE1A3705940099E199 /* QuartzCore.framework in Frameworks */,
				A9A735FC1A3705770099E199 /* MobileCoreServices.framework in Frameworks */,
				A9A735FA1A3705680099E199 /* libz.dylib in Frameworks */,
				A9A735F81A3705590099E199 /* CoreLocation.framework in Frameworks */,
				A9A735F61A37054B0099E199 /* CoreGraphics.framework in Frameworks */,
				A9A7360A1A3706AB0099E199 /* Bolts.framework in Frameworks */,
				A9A735F41A37053A0099E199 /* Foundation.framework in Frameworks */,
				A9A7360B1A3706AB0099E199 /* Parse.framework in Frameworks */,
				A9A735F21A3705290099E199 /* AudioToolbox.framework in Frameworks */,
				A9A7360C1A3706AB0099E199 /* ParseFacebookUtils.framework in Frameworks */,
			);
			runOnlyForDeploymentPostprocessing = 0;
		};
		A9A735DE1A3704E60099E199 /* Frameworks */ = {
			isa = PBXFrameworksBuildPhase;
			buildActionMask = 2147483647;
			files = (
			);
			runOnlyForDeploymentPostprocessing = 0;
		};
/* End PBXFrameworksBuildPhase section */

/* Begin PBXGroup section */
		A9A735C31A3704E60099E199 = {
			isa = PBXGroup;
			children = (
				A9A7360E1A3706D30099E199 /* Framework */,
				A9A735CE1A3704E60099E199 /* LoginDemo */,
				A9A735E41A3704E60099E199 /* LoginDemoTests */,
				A9A735CD1A3704E60099E199 /* Products */,
				A9A736051A3706AB0099E199 /* parse-library-1.5.0 */,
			);
			sourceTree = "<group>";
		};
		A9A735CD1A3704E60099E199 /* Products */ = {
			isa = PBXGroup;
			children = (
				A9A735CC1A3704E60099E199 /* LoginDemo.app */,
				A9A735E11A3704E60099E199 /* LoginDemoTests.xctest */,
			);
			name = Products;
			sourceTree = "<group>";
		};
		A9A735CE1A3704E60099E199 /* LoginDemo */ = {
			isa = PBXGroup;
			children = (
				A9A736101A3707660099E199 /* testDataCustom.m */,
				A9A7360F1A3707660099E199 /* LoginDemo-Bridging-Header.h */,
				A9A735D11A3704E60099E199 /* AppDelegate.swift */,
				A9A735D31A3704E60099E199 /* SignUpViewController.swift */,
				A9A736121A377BAB0099E199 /* ForgotPasswordViewController.swift */,
				A9A735D51A3704E60099E199 /* Main.storyboard */,
				A9A735D81A3704E60099E199 /* Images.xcassets */,
				A9A735DA1A3704E60099E199 /* LaunchScreen.xib */,
				A9A735CF1A3704E60099E199 /* Supporting Files */,
			);
			path = LoginDemo;
			sourceTree = "<group>";
		};
		A9A735CF1A3704E60099E199 /* Supporting Files */ = {
			isa = PBXGroup;
			children = (
				A9A735D01A3704E60099E199 /* Info.plist */,
			);
			name = "Supporting Files";
			sourceTree = "<group>";
		};
		A9A735E41A3704E60099E199 /* LoginDemoTests */ = {
			isa = PBXGroup;
			children = (
				A9A735E71A3704E60099E199 /* LoginDemoTests.swift */,
				A9A735E51A3704E60099E199 /* Supporting Files */,
			);
			path = LoginDemoTests;
			sourceTree = "<group>";
		};
		A9A735E51A3704E60099E199 /* Supporting Files */ = {
			isa = PBXGroup;
			children = (
				A9A735E61A3704E60099E199 /* Info.plist */,
			);
			name = "Supporting Files";
			sourceTree = "<group>";
		};
		A9A736051A3706AB0099E199 /* parse-library-1.5.0 */ = {
			isa = PBXGroup;
			children = (
				A9A736061A3706AB0099E199 /* Bolts.framework */,
				A9A736071A3706AB0099E199 /* Parse.framework */,
				A9A736081A3706AB0099E199 /* ParseFacebookUtils.framework */,
				A9A736091A3706AB0099E199 /* ParseUI.framework */,
			);
			path = "parse-library-1.5.0";
			sourceTree = "<group>";
		};
		A9A7360E1A3706D30099E199 /* Framework */ = {
			isa = PBXGroup;
			children = (
				A9A736031A3705BE0099E199 /* SystemConfiguration.framework */,
				A9A736011A3705AE0099E199 /* StoreKit.framework */,
				A9A735FF1A3705A20099E199 /* Security.framework */,
				A9A735FD1A3705940099E199 /* QuartzCore.framework */,
				A9A735FB1A3705770099E199 /* MobileCoreServices.framework */,
				A9A735F91A3705680099E199 /* libz.dylib */,
				A9A735F71A3705590099E199 /* CoreLocation.framework */,
				A9A735F51A37054B0099E199 /* CoreGraphics.framework */,
				A9A735F31A37053A0099E199 /* Foundation.framework */,
				A9A735F11A3705290099E199 /* AudioToolbox.framework */,
			);
			name = Framework;
			sourceTree = "<group>";
		};
/* End PBXGroup section */

/* Begin PBXNativeTarget section */
		A9A735CB1A3704E60099E199 /* LoginDemo */ = {
			isa = PBXNativeTarget;
			buildConfigurationList = A9A735EB1A3704E60099E199 /* Build configuration list for PBXNativeTarget "LoginDemo" */;
			buildPhases = (
				A9A735C81A3704E60099E199 /* Sources */,
				A9A735C91A3704E60099E199 /* Frameworks */,
				A9A735CA1A3704E60099E199 /* Resources */,
			);
			buildRules = (
			);
			dependencies = (
			);
			name = LoginDemo;
			productName = LoginDemo;
			productReference = A9A735CC1A3704E60099E199 /* LoginDemo.app */;
			productType = "com.apple.product-type.application";
		};
		A9A735E01A3704E60099E199 /* LoginDemoTests */ = {
			isa = PBXNativeTarget;
			buildConfigurationList = A9A735EE1A3704E60099E199 /* Build configuration list for PBXNativeTarget "LoginDemoTests" */;
			buildPhases = (
				A9A735DD1A3704E60099E199 /* Sources */,
				A9A735DE1A3704E60099E199 /* Frameworks */,
				A9A735DF1A3704E60099E199 /* Resources */,
			);
			buildRules = (
			);
			dependencies = (
				A9A735E31A3704E60099E199 /* PBXTargetDependency */,
			);
			name = LoginDemoTests;
			productName = LoginDemoTests;
			productReference = A9A735E11A3704E60099E199 /* LoginDemoTests.xctest */;
			productType = "com.apple.product-type.bundle.unit-test";
		};
/* End PBXNativeTarget section */

/* Begin PBXProject section */
		A9A735C41A3704E60099E199 /* Project object */ = {
			isa = PBXProject;
			attributes = {
				LastUpgradeCheck = 0610;
				ORGANIZATIONNAME = Alphaweb;
				TargetAttributes = {
					A9A735CB1A3704E60099E199 = {
						CreatedOnToolsVersion = 6.1.1;
					};
					A9A735E01A3704E60099E199 = {
						CreatedOnToolsVersion = 6.1.1;
						TestTargetID = A9A735CB1A3704E60099E199;
					};
				};
			};
			buildConfigurationList = A9A735C71A3704E60099E199 /* Build configuration list for PBXProject "LoginDemo" */;
			compatibilityVersion = "Xcode 3.2";
			developmentRegion = English;
			hasScannedForEncodings = 0;
			knownRegions = (
				en,
				Base,
			);
			mainGroup = A9A735C31A3704E60099E199;
			productRefGroup = A9A735CD1A3704E60099E199 /* Products */;
			projectDirPath = "";
			projectRoot = "";
			targets = (
				A9A735CB1A3704E60099E199 /* LoginDemo */,
				A9A735E01A3704E60099E199 /* LoginDemoTests */,
			);
		};
/* End PBXProject section */

/* Begin PBXResourcesBuildPhase section */
		A9A735CA1A3704E60099E199 /* Resources */ = {
			isa = PBXResourcesBuildPhase;
			buildActionMask = 2147483647;
			files = (
				A9A735D71A3704E60099E199 /* Main.storyboard in Resources */,
				A9A735DC1A3704E60099E199 /* LaunchScreen.xib in Resources */,
				A9A735D91A3704E60099E199 /* Images.xcassets in Resources */,
			);
			runOnlyForDeploymentPostprocessing = 0;
		};
		A9A735DF1A3704E60099E199 /* Resources */ = {
			isa = PBXResourcesBuildPhase;
			buildActionMask = 2147483647;
			files = (
			);
			runOnlyForDeploymentPostprocessing = 0;
		};
/* End PBXResourcesBuildPhase section */

/* Begin PBXSourcesBuildPhase section */
		A9A735C81A3704E60099E199 /* Sources */ = {
			isa = PBXSourcesBuildPhase;
			buildActionMask = 2147483647;
			files = (
				A9A736131A377BAB0099E199 /* ForgotPasswordViewController.swift in Sources */,
				A9A735D41A3704E60099E199 /* SignUpViewController.swift in Sources */,
				A9A736111A3707660099E199 /* testDataCustom.m in Sources */,
				A9A735D21A3704E60099E199 /* AppDelegate.swift in Sources */,
			);
			runOnlyForDeploymentPostprocessing = 0;
		};
		A9A735DD1A3704E60099E199 /* Sources */ = {
			isa = PBXSourcesBuildPhase;
			buildActionMask = 2147483647;
			files = (
				A9A735E81A3704E60099E199 /* LoginDemoTests.swift in Sources */,
			);
			runOnlyForDeploymentPostprocessing = 0;
		};
/* End PBXSourcesBuildPhase section */

/* Begin PBXTargetDependency section */
		A9A735E31A3704E60099E199 /* PBXTargetDependency */ = {
			isa = PBXTargetDependency;
			target = A9A735CB1A3704E60099E199 /* LoginDemo */;
			targetProxy = A9A735E21A3704E60099E199 /* PBXContainerItemProxy */;
		};
/* End PBXTargetDependency section */

/* Begin PBXVariantGroup section */
		A9A735D51A3704E60099E199 /* Main.storyboard */ = {
			isa = PBXVariantGroup;
			children = (
				A9A735D61A3704E60099E199 /* Base */,
			);
			name = Main.storyboard;
			sourceTree = "<group>";
		};
		A9A735DA1A3704E60099E199 /* LaunchScreen.xib */ = {
			isa = PBXVariantGroup;
			children = (
				A9A735DB1A3704E60099E199 /* Base */,
			);
			name = LaunchScreen.xib;
			sourceTree = "<group>";
		};
/* End PBXVariantGroup section */

/* Begin XCBuildConfiguration section */
		A9A735E91A3704E60099E199 /* Debug */ = {
			isa = XCBuildConfiguration;
			buildSettings = {
				ALWAYS_SEARCH_USER_PATHS = NO;
				CLANG_CXX_LANGUAGE_STANDARD = "gnu++0x";
				CLANG_CXX_LIBRARY = "libc++";
				CLANG_ENABLE_MODULES = YES;
				CLANG_ENABLE_OBJC_ARC = YES;
				CLANG_WARN_BOOL_CONVERSION = YES;
				CLANG_WARN_CONSTANT_CONVERSION = YES;
				CLANG_WARN_DIRECT_OBJC_ISA_USAGE = YES_ERROR;
				CLANG_WARN_EMPTY_BODY = YES;
				CLANG_WARN_ENUM_CONVERSION = YES;
				CLANG_WARN_INT_CONVERSION = YES;
				CLANG_WARN_OBJC_ROOT_CLASS = YES_ERROR;
				CLANG_WARN_UNREACHABLE_CODE = YES;
				CLANG_WARN__DUPLICATE_METHOD_MATCH = YES;
				"CODE_SIGN_IDENTITY[sdk=iphoneos*]" = "iPhone Developer";
				COPY_PHASE_STRIP = NO;
				ENABLE_STRICT_OBJC_MSGSEND = YES;
				GCC_C_LANGUAGE_STANDARD = gnu99;
				GCC_DYNAMIC_NO_PIC = NO;
				GCC_OPTIMIZATION_LEVEL = 0;
				GCC_PREPROCESSOR_DEFINITIONS = (
					"DEBUG=1",
					"$(inherited)",
				);
				GCC_SYMBOLS_PRIVATE_EXTERN = NO;
				GCC_WARN_64_TO_32_BIT_CONVERSION = YES;
				GCC_WARN_ABOUT_RETURN_TYPE = YES_ERROR;
				GCC_WARN_UNDECLARED_SELECTOR = YES;
				GCC_WARN_UNINITIALIZED_AUTOS = YES_AGGRESSIVE;
				GCC_WARN_UNUSED_FUNCTION = YES;
				GCC_WARN_UNUSED_VARIABLE = YES;
				IPHONEOS_DEPLOYMENT_TARGET = 8.1;
				MTL_ENABLE_DEBUG_INFO = YES;
				ONLY_ACTIVE_ARCH = YES;
				SDKROOT = iphoneos;
				SWIFT_OPTIMIZATION_LEVEL = "-Onone";
				TARGETED_DEVICE_FAMILY = "1,2";
			};
			name = Debug;
		};
		A9A735EA1A3704E60099E199 /* Release */ = {
			isa = XCBuildConfiguration;
			buildSettings = {
				ALWAYS_SEARCH_USER_PATHS = NO;
				CLANG_CXX_LANGUAGE_STANDARD = "gnu++0x";
				CLANG_CXX_LIBRARY = "libc++";
				CLANG_ENABLE_MODULES = YES;
				CLANG_ENABLE_OBJC_ARC = YES;
				CLANG_WARN_BOOL_CONVERSION = YES;
				CLANG_WARN_CONSTANT_CONVERSION = YES;
				CLANG_WARN_DIRECT_OBJC_ISA_USAGE = YES_ERROR;
				CLANG_WARN_EMPTY_BODY = YES;
				CLANG_WARN_ENUM_CONVERSION = YES;
				CLANG_WARN_INT_CONVERSION = YES;
				CLANG_WARN_OBJC_ROOT_CLASS = YES_ERROR;
				CLANG_WARN_UNREACHABLE_CODE = YES;
				CLANG_WARN__DUPLICATE_METHOD_MATCH = YES;
				"CODE_SIGN_IDENTITY[sdk=iphoneos*]" = "iPhone Developer";
				COPY_PHASE_STRIP = YES;
				ENABLE_NS_ASSERTIONS = NO;
				ENABLE_STRICT_OBJC_MSGSEND = YES;
				GCC_C_LANGUAGE_STANDARD = gnu99;
				GCC_WARN_64_TO_32_BIT_CONVERSION = YES;
				GCC_WARN_ABOUT_RETURN_TYPE = YES_ERROR;
				GCC_WARN_UNDECLARED_SELECTOR = YES;
				GCC_WARN_UNINITIALIZED_AUTOS = YES_AGGRESSIVE;
				GCC_WARN_UNUSED_FUNCTION = YES;
				GCC_WARN_UNUSED_VARIABLE = YES;
				IPHONEOS_DEPLOYMENT_TARGET = 8.1;
				MTL_ENABLE_DEBUG_INFO = NO;
				SDKROOT = iphoneos;
				TARGETED_DEVICE_FAMILY = "1,2";
				VALIDATE_PRODUCT = YES;
			};
			name = Release;
		};
		A9A735EC1A3704E60099E199 /* Debug */ = {
			isa = XCBuildConfiguration;
			buildSettings = {
				ASSETCATALOG_COMPILER_APPICON_NAME = AppIcon;
				CLANG_ENABLE_MODULES = YES;
				FRAMEWORK_SEARCH_PATHS = (
					"$(inherited)",
					"$(PROJECT_DIR)/parse-library-1.5.0",
				);
				INFOPLIST_FILE = LoginDemo/Info.plist;
				LD_RUNPATH_SEARCH_PATHS = "$(inherited) @executable_path/Frameworks";
				PRODUCT_NAME = "$(TARGET_NAME)";
				SWIFT_OBJC_BRIDGING_HEADER = "LoginDemo-Bridging-Header.h";
				SWIFT_OPTIMIZATION_LEVEL = "-Onone";
				TARGETED_DEVICE_FAMILY = 1;
			};
			name = Debug;
		};
		A9A735ED1A3704E60099E199 /* Release */ = {
			isa = XCBuildConfiguration;
			buildSettings = {
				ASSETCATALOG_COMPILER_APPICON_NAME = AppIcon;
				CLANG_ENABLE_MODULES = YES;
				FRAMEWORK_SEARCH_PATHS = (
					"$(inherited)",
					"$(PROJECT_DIR)/parse-library-1.5.0",
				);
				INFOPLIST_FILE = LoginDemo/Info.plist;
				LD_RUNPATH_SEARCH_PATHS = "$(inherited) @executable_path/Frameworks";
				PRODUCT_NAME = "$(TARGET_NAME)";
				SWIFT_OBJC_BRIDGING_HEADER = "LoginDemo-Bridging-Header.h";
				TARGETED_DEVICE_FAMILY = 1;
			};
			name = Release;
		};
		A9A735EF1A3704E60099E199 /* Debug */ = {
			isa = XCBuildConfiguration;
			buildSettings = {
				BUNDLE_LOADER = "$(TEST_HOST)";
				FRAMEWORK_SEARCH_PATHS = (
					"$(SDKROOT)/Developer/Library/Frameworks",
					"$(inherited)",
				);
				GCC_PREPROCESSOR_DEFINITIONS = (
					"DEBUG=1",
					"$(inherited)",
				);
				INFOPLIST_FILE = LoginDemoTests/Info.plist;
				LD_RUNPATH_SEARCH_PATHS = "$(inherited) @executable_path/Frameworks @loader_path/Frameworks";
				PRODUCT_NAME = "$(TARGET_NAME)";
				TEST_HOST = "$(BUILT_PRODUCTS_DIR)/LoginDemo.app/LoginDemo";
			};
			name = Debug;
		};
		A9A735F01A3704E60099E199 /* Release */ = {
			isa = XCBuildConfiguration;
			buildSettings = {
				BUNDLE_LOADER = "$(TEST_HOST)";
				FRAMEWORK_SEARCH_PATHS = (
					"$(SDKROOT)/Developer/Library/Frameworks",
					"$(inherited)",
				);
				INFOPLIST_FILE = LoginDemoTests/Info.plist;
				LD_RUNPATH_SEARCH_PATHS = "$(inherited) @executable_path/Frameworks @loader_path/Frameworks";
				PRODUCT_NAME = "$(TARGET_NAME)";
				TEST_HOST = "$(BUILT_PRODUCTS_DIR)/LoginDemo.app/LoginDemo";
			};
			name = Release;
		};
/* End XCBuildConfiguration section */

/* Begin XCConfigurationList section */
		A9A735C71A3704E60099E199 /* Build configuration list for PBXProject "LoginDemo" */ = {
			isa = XCConfigurationList;
			buildConfigurations = (
				A9A735E91A3704E60099E199 /* Debug */,
				A9A735EA1A3704E60099E199 /* Release */,
			);
			defaultConfigurationIsVisible = 0;
			defaultConfigurationName = Release;
		};
		A9A735EB1A3704E60099E199 /* Build configuration list for PBXNativeTarget "LoginDemo" */ = {
			isa = XCConfigurationList;
			buildConfigurations = (
				A9A735EC1A3704E60099E199 /* Debug */,
				A9A735ED1A3704E60099E199 /* Release */,
			);
			defaultConfigurationIsVisible = 0;
		};
		A9A735EE1A3704E60099E199 /* Build configuration list for PBXNativeTarget "LoginDemoTests" */ = {
			isa = XCConfigurationList;
			buildConfigurations = (
				A9A735EF1A3704E60099E199 /* Debug */,
				A9A735F01A3704E60099E199 /* Release */,
			);
			defaultConfigurationIsVisible = 0;
		};
/* End XCConfigurationList section */
	};
	rootObject = A9A735C41A3704E60099E199 /* Project object */;
}
